// !$*UTF8*$!
{
	archiveVersion = 1;
	classes = {
	};
	objectVersion = 60;
	objects = {

/* Begin PBXBuildFile section */
		E75060902B2A8F140008C7D5 /* slopemeterApp.swift in Sources */ = {isa = PBXBuildFile; fileRef = E750608F2B2A8F140008C7D5 /* slopemeterApp.swift */; };
		E75060922B2A8F140008C7D5 /* ContentView.swift in Sources */ = {isa = PBXBuildFile; fileRef = E75060912B2A8F140008C7D5 /* ContentView.swift */; };
		E75060942B2A8F160008C7D5 /* Assets.xcassets in Resources */ = {isa = PBXBuildFile; fileRef = E75060932B2A8F160008C7D5 /* Assets.xcassets */; };
		E75060972B2A8F160008C7D5 /* Preview Assets.xcassets in Resources */ = {isa = PBXBuildFile; fileRef = E75060962B2A8F160008C7D5 /* Preview Assets.xcassets */; };
		E75060A12B2A8F160008C7D5 /* slopemeterTests.swift in Sources */ = {isa = PBXBuildFile; fileRef = E75060A02B2A8F160008C7D5 /* slopemeterTests.swift */; };
		E75060AB2B2A8F160008C7D5 /* slopemeterUITests.swift in Sources */ = {isa = PBXBuildFile; fileRef = E75060AA2B2A8F160008C7D5 /* slopemeterUITests.swift */; };
		E75060AD2B2A8F160008C7D5 /* slopemeterUITestsLaunchTests.swift in Sources */ = {isa = PBXBuildFile; fileRef = E75060AC2B2A8F160008C7D5 /* slopemeterUITestsLaunchTests.swift */; };
		E7526FB82B2DDFBB00409361 /* ViewModel.swift in Sources */ = {isa = PBXBuildFile; fileRef = E7526FB72B2DDFBB00409361 /* ViewModel.swift */; };
/* End PBXBuildFile section */

/* Begin PBXContainerItemProxy section */
		E750609D2B2A8F160008C7D5 /* PBXContainerItemProxy */ = {
			isa = PBXContainerItemProxy;
			containerPortal = E75060842B2A8F140008C7D5 /* Project object */;
			proxyType = 1;
			remoteGlobalIDString = E750608B2B2A8F140008C7D5;
			remoteInfo = slopemeter;
		};
		E75060A72B2A8F160008C7D5 /* PBXContainerItemProxy */ = {
			isa = PBXContainerItemProxy;
			containerPortal = E75060842B2A8F140008C7D5 /* Project object */;
			proxyType = 1;
			remoteGlobalIDString = E750608B2B2A8F140008C7D5;
			remoteInfo = slopemeter;
		};
/* End PBXContainerItemProxy section */

/* Begin PBXFileReference section */
		E750608C2B2A8F140008C7D5 /* slopemeter.app */ = {isa = PBXFileReference; explicitFileType = wrapper.application; includeInIndex = 0; path = slopemeter.app; sourceTree = BUILT_PRODUCTS_DIR; };
		E750608F2B2A8F140008C7D5 /* slopemeterApp.swift */ = {isa = PBXFileReference; lastKnownFileType = sourcecode.swift; path = slopemeterApp.swift; sourceTree = "<group>"; };
		E75060912B2A8F140008C7D5 /* ContentView.swift */ = {isa = PBXFileReference; lastKnownFileType = sourcecode.swift; path = ContentView.swift; sourceTree = "<group>"; };
		E75060932B2A8F160008C7D5 /* Assets.xcassets */ = {isa = PBXFileReference; lastKnownFileType = folder.assetcatalog; path = Assets.xcassets; sourceTree = "<group>"; };
		E75060962B2A8F160008C7D5 /* Preview Assets.xcassets */ = {isa = PBXFileReference; lastKnownFileType = folder.assetcatalog; path = "Preview Assets.xcassets"; sourceTree = "<group>"; };
		E750609C2B2A8F160008C7D5 /* slopemeterTests.xctest */ = {isa = PBXFileReference; explicitFileType = wrapper.cfbundle; includeInIndex = 0; path = slopemeterTests.xctest; sourceTree = BUILT_PRODUCTS_DIR; };
		E75060A02B2A8F160008C7D5 /* slopemeterTests.swift */ = {isa = PBXFileReference; lastKnownFileType = sourcecode.swift; path = slopemeterTests.swift; sourceTree = "<group>"; };
		E75060A62B2A8F160008C7D5 /* slopemeterUITests.xctest */ = {isa = PBXFileReference; explicitFileType = wrapper.cfbundle; includeInIndex = 0; path = slopemeterUITests.xctest; sourceTree = BUILT_PRODUCTS_DIR; };
		E75060AA2B2A8F160008C7D5 /* slopemeterUITests.swift */ = {isa = PBXFileReference; lastKnownFileType = sourcecode.swift; path = slopemeterUITests.swift; sourceTree = "<group>"; };
		E75060AC2B2A8F160008C7D5 /* slopemeterUITestsLaunchTests.swift */ = {isa = PBXFileReference; lastKnownFileType = sourcecode.swift; path = slopemeterUITestsLaunchTests.swift; sourceTree = "<group>"; };
		E7526FB72B2DDFBB00409361 /* ViewModel.swift */ = {isa = PBXFileReference; lastKnownFileType = sourcecode.swift; path = ViewModel.swift; sourceTree = "<group>"; };
/* End PBXFileReference section */

/* Begin PBXFrameworksBuildPhase section */
		E75060892B2A8F140008C7D5 /* Frameworks */ = {
			isa = PBXFrameworksBuildPhase;
			buildActionMask = 2147483647;
			files = (
			);
			runOnlyForDeploymentPostprocessing = 0;
		};
		E75060992B2A8F160008C7D5 /* Frameworks */ = {
			isa = PBXFrameworksBuildPhase;
			buildActionMask = 2147483647;
			files = (
			);
			runOnlyForDeploymentPostprocessing = 0;
		};
		E75060A32B2A8F160008C7D5 /* Frameworks */ = {
			isa = PBXFrameworksBuildPhase;
			buildActionMask = 2147483647;
			files = (
			);
			runOnlyForDeploymentPostprocessing = 0;
		};
/* End PBXFrameworksBuildPhase section */

/* Begin PBXGroup section */
		E75060832B2A8F140008C7D5 = {
			isa = PBXGroup;
			children = (
				E750608E2B2A8F140008C7D5 /* slopemeter */,
				E750609F2B2A8F160008C7D5 /* slopemeterTests */,
				E75060A92B2A8F160008C7D5 /* slopemeterUITests */,
				E750608D2B2A8F140008C7D5 /* Products */,
			);
			sourceTree = "<group>";
		};
		E750608D2B2A8F140008C7D5 /* Products */ = {
			isa = PBXGroup;
			children = (
				E750608C2B2A8F140008C7D5 /* slopemeter.app */,
				E750609C2B2A8F160008C7D5 /* slopemeterTests.xctest */,
				E75060A62B2A8F160008C7D5 /* slopemeterUITests.xctest */,
			);
			name = Products;
			sourceTree = "<group>";
		};
		E750608E2B2A8F140008C7D5 /* slopemeter */ = {
			isa = PBXGroup;
			children = (
				E750608F2B2A8F140008C7D5 /* slopemeterApp.swift */,
				E75060912B2A8F140008C7D5 /* ContentView.swift */,
				E7526FB72B2DDFBB00409361 /* ViewModel.swift */,
				E75060932B2A8F160008C7D5 /* Assets.xcassets */,
				E75060952B2A8F160008C7D5 /* Preview Content */,
			);
			path = slopemeter;
			sourceTree = "<group>";
		};
		E75060952B2A8F160008C7D5 /* Preview Content */ = {
			isa = PBXGroup;
			children = (
				E75060962B2A8F160008C7D5 /* Preview Assets.xcassets */,
			);
			path = "Preview Content";
			sourceTree = "<group>";
		};
		E750609F2B2A8F160008C7D5 /* slopemeterTests */ = {
			isa = PBXGroup;
			children = (
				E75060A02B2A8F160008C7D5 /* slopemeterTests.swift */,
			);
			path = slopemeterTests;
			sourceTree = "<group>";
		};
		E75060A92B2A8F160008C7D5 /* slopemeterUITests */ = {
			isa = PBXGroup;
			children = (
				E75060AA2B2A8F160008C7D5 /* slopemeterUITests.swift */,
				E75060AC2B2A8F160008C7D5 /* slopemeterUITestsLaunchTests.swift */,
			);
			path = slopemeterUITests;
			sourceTree = "<group>";
		};
/* End PBXGroup section */

/* Begin PBXNativeTarget section */
		E750608B2B2A8F140008C7D5 /* slopemeter */ = {
			isa = PBXNativeTarget;
			buildConfigurationList = E75060B02B2A8F160008C7D5 /* Build configuration list for PBXNativeTarget "slopemeter" */;
			buildPhases = (
				E75060882B2A8F140008C7D5 /* Sources */,
				E75060892B2A8F140008C7D5 /* Frameworks */,
				E750608A2B2A8F140008C7D5 /* Resources */,
			);
			buildRules = (
			);
			dependencies = (
			);
			name = slopemeter;
			productName = slopemeter;
			productReference = E750608C2B2A8F140008C7D5 /* slopemeter.app */;
			productType = "com.apple.product-type.application";
		};
		E750609B2B2A8F160008C7D5 /* slopemeterTests */ = {
			isa = PBXNativeTarget;
			buildConfigurationList = E75060B32B2A8F160008C7D5 /* Build configuration list for PBXNativeTarget "slopemeterTests" */;
			buildPhases = (
				E75060982B2A8F160008C7D5 /* Sources */,
				E75060992B2A8F160008C7D5 /* Frameworks */,
				E750609A2B2A8F160008C7D5 /* Resources */,
			);
			buildRules = (
			);
			dependencies = (
				E750609E2B2A8F160008C7D5 /* PBXTargetDependency */,
			);
			name = slopemeterTests;
			productName = slopemeterTests;
			productReference = E750609C2B2A8F160008C7D5 /* slopemeterTests.xctest */;
			productType = "com.apple.product-type.bundle.unit-test";
		};
		E75060A52B2A8F160008C7D5 /* slopemeterUITests */ = {
			isa = PBXNativeTarget;
			buildConfigurationList = E75060B62B2A8F160008C7D5 /* Build configuration list for PBXNativeTarget "slopemeterUITests" */;
			buildPhases = (
				E75060A22B2A8F160008C7D5 /* Sources */,
				E75060A32B2A8F160008C7D5 /* Frameworks */,
				E75060A42B2A8F160008C7D5 /* Resources */,
			);
			buildRules = (
			);
			dependencies = (
				E75060A82B2A8F160008C7D5 /* PBXTargetDependency */,
			);
			name = slopemeterUITests;
			productName = slopemeterUITests;
			productReference = E75060A62B2A8F160008C7D5 /* slopemeterUITests.xctest */;
			productType = "com.apple.product-type.bundle.ui-testing";
		};
/* End PBXNativeTarget section */

/* Begin PBXProject section */
		E75060842B2A8F140008C7D5 /* Project object */ = {
			isa = PBXProject;
			attributes = {
				BuildIndependentTargetsInParallel = 1;
				LastSwiftUpdateCheck = 1500;
				LastUpgradeCheck = 1500;
				TargetAttributes = {
					E750608B2B2A8F140008C7D5 = {
						CreatedOnToolsVersion = 15.0.1;
					};
					E750609B2B2A8F160008C7D5 = {
						CreatedOnToolsVersion = 15.0.1;
						TestTargetID = E750608B2B2A8F140008C7D5;
					};
					E75060A52B2A8F160008C7D5 = {
						CreatedOnToolsVersion = 15.0.1;
						TestTargetID = E750608B2B2A8F140008C7D5;
					};
				};
			};
			buildConfigurationList = E75060872B2A8F140008C7D5 /* Build configuration list for PBXProject "slopemeter" */;
			compatibilityVersion = "Xcode 15.0";
			developmentRegion = en;
			hasScannedForEncodings = 0;
			knownRegions = (
				en,
				Base,
			);
			mainGroup = E75060832B2A8F140008C7D5;
			productRefGroup = E750608D2B2A8F140008C7D5 /* Products */;
			projectDirPath = "";
			projectRoot = "";
			targets = (
				E750608B2B2A8F140008C7D5 /* slopemeter */,
				E750609B2B2A8F160008C7D5 /* slopemeterTests */,
				E75060A52B2A8F160008C7D5 /* slopemeterUITests */,
			);
		};
/* End PBXProject section */

/* Begin PBXResourcesBuildPhase section */
		E750608A2B2A8F140008C7D5 /* Resources */ = {
			isa = PBXResourcesBuildPhase;
			buildActionMask = 2147483647;
			files = (
				E75060972B2A8F160008C7D5 /* Preview Assets.xcassets in Resources */,
				E75060942B2A8F160008C7D5 /* Assets.xcassets in Resources */,
			);
			runOnlyForDeploymentPostprocessing = 0;
		};
		E750609A2B2A8F160008C7D5 /* Resources */ = {
			isa = PBXResourcesBuildPhase;
			buildActionMask = 2147483647;
			files = (
			);
			runOnlyForDeploymentPostprocessing = 0;
		};
		E75060A42B2A8F160008C7D5 /* Resources */ = {
			isa = PBXResourcesBuildPhase;
			buildActionMask = 2147483647;
			files = (
			);
			runOnlyForDeploymentPostprocessing = 0;
		};
/* End PBXResourcesBuildPhase section */

/* Begin PBXSourcesBuildPhase section */
		E75060882B2A8F140008C7D5 /* Sources */ = {
			isa = PBXSourcesBuildPhase;
			buildActionMask = 2147483647;
			files = (
				E75060922B2A8F140008C7D5 /* ContentView.swift in Sources */,
				E7526FB82B2DDFBB00409361 /* ViewModel.swift in Sources */,
				E75060902B2A8F140008C7D5 /* slopemeterApp.swift in Sources */,
			);
			runOnlyForDeploymentPostprocessing = 0;
		};
		E75060982B2A8F160008C7D5 /* Sources */ = {
			isa = PBXSourcesBuildPhase;
			buildActionMask = 2147483647;
			files = (
				E75060A12B2A8F160008C7D5 /* slopemeterTests.swift in Sources */,
			);
			runOnlyForDeploymentPostprocessing = 0;
		};
		E75060A22B2A8F160008C7D5 /* Sources */ = {
			isa = PBXSourcesBuildPhase;
			buildActionMask = 2147483647;
			files = (
				E75060AD2B2A8F160008C7D5 /* slopemeterUITestsLaunchTests.swift in Sources */,
				E75060AB2B2A8F160008C7D5 /* slopemeterUITests.swift in Sources */,
			);
			runOnlyForDeploymentPostprocessing = 0;
		};
/* End PBXSourcesBuildPhase section */

/* Begin PBXTargetDependency section */
		E750609E2B2A8F160008C7D5 /* PBXTargetDependency */ = {
			isa = PBXTargetDependency;
			target = E750608B2B2A8F140008C7D5 /* slopemeter */;
			targetProxy = E750609D2B2A8F160008C7D5 /* PBXContainerItemProxy */;
		};
		E75060A82B2A8F160008C7D5 /* PBXTargetDependency */ = {
			isa = PBXTargetDependency;
			target = E750608B2B2A8F140008C7D5 /* slopemeter */;
			targetProxy = E75060A72B2A8F160008C7D5 /* PBXContainerItemProxy */;
		};
/* End PBXTargetDependency section */

/* Begin XCBuildConfiguration section */
		E75060AE2B2A8F160008C7D5 /* Debug */ = {
			isa = XCBuildConfiguration;
			buildSettings = {
				ALWAYS_SEARCH_USER_PATHS = NO;
				ASSETCATALOG_COMPILER_GENERATE_SWIFT_ASSET_SYMBOL_EXTENSIONS = YES;
				CLANG_ANALYZER_NONNULL = YES;
				CLANG_ANALYZER_NUMBER_OBJECT_CONVERSION = YES_AGGRESSIVE;
				CLANG_CXX_LANGUAGE_STANDARD = "gnu++20";
				CLANG_ENABLE_MODULES = YES;
				CLANG_ENABLE_OBJC_ARC = YES;
				CLANG_ENABLE_OBJC_WEAK = YES;
				CLANG_WARN_BLOCK_CAPTURE_AUTORELEASING = YES;
				CLANG_WARN_BOOL_CONVERSION = YES;
				CLANG_WARN_COMMA = YES;
				CLANG_WARN_CONSTANT_CONVERSION = YES;
				CLANG_WARN_DEPRECATED_OBJC_IMPLEMENTATIONS = YES;
				CLANG_WARN_DIRECT_OBJC_ISA_USAGE = YES_ERROR;
				CLANG_WARN_DOCUMENTATION_COMMENTS = YES;
				CLANG_WARN_EMPTY_BODY = YES;
				CLANG_WARN_ENUM_CONVERSION = YES;
				CLANG_WARN_INFINITE_RECURSION = YES;
				CLANG_WARN_INT_CONVERSION = YES;
				CLANG_WARN_NON_LITERAL_NULL_CONVERSION = YES;
				CLANG_WARN_OBJC_IMPLICIT_RETAIN_SELF = YES;
				CLANG_WARN_OBJC_LITERAL_CONVERSION = YES;
				CLANG_WARN_OBJC_ROOT_CLASS = YES_ERROR;
				CLANG_WARN_QUOTED_INCLUDE_IN_FRAMEWORK_HEADER = YES;
				CLANG_WARN_RANGE_LOOP_ANALYSIS = YES;
				CLANG_WARN_STRICT_PROTOTYPES = YES;
				CLANG_WARN_SUSPICIOUS_MOVE = YES;
				CLANG_WARN_UNGUARDED_AVAILABILITY = YES_AGGRESSIVE;
				CLANG_WARN_UNREACHABLE_CODE = YES;
				CLANG_WARN__DUPLICATE_METHOD_MATCH = YES;
				COPY_PHASE_STRIP = NO;
				DEBUG_INFORMATION_FORMAT = dwarf;
				ENABLE_STRICT_OBJC_MSGSEND = YES;
				ENABLE_TESTABILITY = YES;
				ENABLE_USER_SCRIPT_SANDBOXING = YES;
				GCC_C_LANGUAGE_STANDARD = gnu17;
				GCC_DYNAMIC_NO_PIC = NO;
				GCC_NO_COMMON_BLOCKS = YES;
				GCC_OPTIMIZATION_LEVEL = 0;
				GCC_PREPROCESSOR_DEFINITIONS = (
					"DEBUG=1",
					"$(inherited)",
				);
				GCC_WARN_64_TO_32_BIT_CONVERSION = YES;
				GCC_WARN_ABOUT_RETURN_TYPE = YES_ERROR;
				GCC_WARN_UNDECLARED_SELECTOR = YES;
				GCC_WARN_UNINITIALIZED_AUTOS = YES_AGGRESSIVE;
				GCC_WARN_UNUSED_FUNCTION = YES;
				GCC_WARN_UNUSED_VARIABLE = YES;
				IPHONEOS_DEPLOYMENT_TARGET = 17.0;
				LOCALIZATION_PREFERS_STRING_CATALOGS = YES;
				MTL_ENABLE_DEBUG_INFO = INCLUDE_SOURCE;
				MTL_FAST_MATH = YES;
				ONLY_ACTIVE_ARCH = YES;
				SDKROOT = iphoneos;
				SWIFT_ACTIVE_COMPILATION_CONDITIONS = "DEBUG $(inherited)";
				SWIFT_OPTIMIZATION_LEVEL = "-Onone";
			};
			name = Debug;
		};
		E75060AF2B2A8F160008C7D5 /* Release */ = {
			isa = XCBuildConfiguration;
			buildSettings = {
				ALWAYS_SEARCH_USER_PATHS = NO;
				ASSETCATALOG_COMPILER_GENERATE_SWIFT_ASSET_SYMBOL_EXTENSIONS = YES;
				CLANG_ANALYZER_NONNULL = YES;
				CLANG_ANALYZER_NUMBER_OBJECT_CONVERSION = YES_AGGRESSIVE;
				CLANG_CXX_LANGUAGE_STANDARD = "gnu++20";
				CLANG_ENABLE_MODULES = YES;
				CLANG_ENABLE_OBJC_ARC = YES;
				CLANG_ENABLE_OBJC_WEAK = YES;
				CLANG_WARN_BLOCK_CAPTURE_AUTORELEASING = YES;
				CLANG_WARN_BOOL_CONVERSION = YES;
				CLANG_WARN_COMMA = YES;
				CLANG_WARN_CONSTANT_CONVERSION = YES;
				CLANG_WARN_DEPRECATED_OBJC_IMPLEMENTATIONS = YES;
				CLANG_WARN_DIRECT_OBJC_ISA_USAGE = YES_ERROR;
				CLANG_WARN_DOCUMENTATION_COMMENTS = YES;
				CLANG_WARN_EMPTY_BODY = YES;
				CLANG_WARN_ENUM_CONVERSION = YES;
				CLANG_WARN_INFINITE_RECURSION = YES;
				CLANG_WARN_INT_CONVERSION = YES;
				CLANG_WARN_NON_LITERAL_NULL_CONVERSION = YES;
				CLANG_WARN_OBJC_IMPLICIT_RETAIN_SELF = YES;
				CLANG_WARN_OBJC_LITERAL_CONVERSION = YES;
				CLANG_WARN_OBJC_ROOT_CLASS = YES_ERROR;
				CLANG_WARN_QUOTED_INCLUDE_IN_FRAMEWORK_HEADER = YES;
				CLANG_WARN_RANGE_LOOP_ANALYSIS = YES;
				CLANG_WARN_STRICT_PROTOTYPES = YES;
				CLANG_WARN_SUSPICIOUS_MOVE = YES;
				CLANG_WARN_UNGUARDED_AVAILABILITY = YES_AGGRESSIVE;
				CLANG_WARN_UNREACHABLE_CODE = YES;
				CLANG_WARN__DUPLICATE_METHOD_MATCH = YES;
				COPY_PHASE_STRIP = NO;
				DEBUG_INFORMATION_FORMAT = "dwarf-with-dsym";
				ENABLE_NS_ASSERTIONS = NO;
				ENABLE_STRICT_OBJC_MSGSEND = YES;
				ENABLE_USER_SCRIPT_SANDBOXING = YES;
				GCC_C_LANGUAGE_STANDARD = gnu17;
				GCC_NO_COMMON_BLOCKS = YES;
				GCC_WARN_64_TO_32_BIT_CONVERSION = YES;
				GCC_WARN_ABOUT_RETURN_TYPE = YES_ERROR;
				GCC_WARN_UNDECLARED_SELECTOR = YES;
				GCC_WARN_UNINITIALIZED_AUTOS = YES_AGGRESSIVE;
				GCC_WARN_UNUSED_FUNCTION = YES;
				GCC_WARN_UNUSED_VARIABLE = YES;
				IPHONEOS_DEPLOYMENT_TARGET = 17.0;
				LOCALIZATION_PREFERS_STRING_CATALOGS = YES;
				MTL_ENABLE_DEBUG_INFO = NO;
				MTL_FAST_MATH = YES;
				SDKROOT = iphoneos;
				SWIFT_COMPILATION_MODE = wholemodule;
				VALIDATE_PRODUCT = YES;
			};
			name = Release;
		};
		E75060B12B2A8F160008C7D5 /* Debug */ = {
			isa = XCBuildConfiguration;
			buildSettings = {
				ASSETCATALOG_COMPILER_APPICON_NAME = AppIcon;
				ASSETCATALOG_COMPILER_GLOBAL_ACCENT_COLOR_NAME = AccentColor;
				CODE_SIGN_STYLE = Automatic;
				CURRENT_PROJECT_VERSION = 1;
				DEVELOPMENT_ASSET_PATHS = "\"slopemeter/Preview Content\"";
				DEVELOPMENT_TEAM = KLSR7QLNYM;
				ENABLE_PREVIEWS = YES;
				GENERATE_INFOPLIST_FILE = YES;
				INFOPLIST_KEY_UIApplicationSceneManifest_Generation = YES;
				INFOPLIST_KEY_UIApplicationSupportsIndirectInputEvents = YES;
				INFOPLIST_KEY_UILaunchScreen_Generation = YES;
				INFOPLIST_KEY_UISupportedInterfaceOrientations_iPad = "UIInterfaceOrientationPortrait UIInterfaceOrientationPortraitUpsideDown UIInterfaceOrientationLandscapeLeft UIInterfaceOrientationLandscapeRight";
				INFOPLIST_KEY_UISupportedInterfaceOrientations_iPhone = "UIInterfaceOrientationPortrait UIInterfaceOrientationLandscapeLeft UIInterfaceOrientationLandscapeRight";
				LD_RUNPATH_SEARCH_PATHS = (
					"$(inherited)",
					"@executable_path/Frameworks",
				);
				MARKETING_VERSION = 1.0;
				PRODUCT_BUNDLE_IDENTIFIER = com.andriiko.slopemeter;
				PRODUCT_NAME = "$(TARGET_NAME)";
				SWIFT_EMIT_LOC_STRINGS = YES;
				SWIFT_VERSION = 5.0;
				TARGETED_DEVICE_FAMILY = "1,2";
			};
			name = Debug;
		};
		E75060B22B2A8F160008C7D5 /* Release */ = {
			isa = XCBuildConfiguration;
			buildSettings = {
				ASSETCATALOG_COMPILER_APPICON_NAME = AppIcon;
				ASSETCATALOG_COMPILER_GLOBAL_ACCENT_COLOR_NAME = AccentColor;
				CODE_SIGN_STYLE = Automatic;
				CURRENT_PROJECT_VERSION = 1;
				DEVELOPMENT_ASSET_PATHS = "\"slopemeter/Preview Content\"";
				DEVELOPMENT_TEAM = KLSR7QLNYM;
				ENABLE_PREVIEWS = YES;
				GENERATE_INFOPLIST_FILE = YES;
				INFOPLIST_KEY_UIApplicationSceneManifest_Generation = YES;
				INFOPLIST_KEY_UIApplicationSupportsIndirectInputEvents = YES;
				INFOPLIST_KEY_UILaunchScreen_Generation = YES;
				INFOPLIST_KEY_UISupportedInterfaceOrientations_iPad = "UIInterfaceOrientationPortrait UIInterfaceOrientationPortraitUpsideDown UIInterfaceOrientationLandscapeLeft UIInterfaceOrientationLandscapeRight";
				INFOPLIST_KEY_UISupportedInterfaceOrientations_iPhone = "UIInterfaceOrientationPortrait UIInterfaceOrientationLandscapeLeft UIInterfaceOrientationLandscapeRight";
				LD_RUNPATH_SEARCH_PATHS = (
					"$(inherited)",
					"@executable_path/Frameworks",
				);
				MARKETING_VERSION = 1.0;
				PRODUCT_BUNDLE_IDENTIFIER = com.andriiko.slopemeter;
				PRODUCT_NAME = "$(TARGET_NAME)";
				SWIFT_EMIT_LOC_STRINGS = YES;
				SWIFT_VERSION = 5.0;
				TARGETED_DEVICE_FAMILY = "1,2";
			};
			name = Release;
		};
		E75060B42B2A8F160008C7D5 /* Debug */ = {
			isa = XCBuildConfiguration;
			buildSettings = {
				ALWAYS_EMBED_SWIFT_STANDARD_LIBRARIES = YES;
				BUNDLE_LOADER = "$(TEST_HOST)";
				CODE_SIGN_STYLE = Automatic;
				CURRENT_PROJECT_VERSION = 1;
				GENERATE_INFOPLIST_FILE = YES;
				IPHONEOS_DEPLOYMENT_TARGET = 17.0;
				MARKETING_VERSION = 1.0;
				PRODUCT_BUNDLE_IDENTIFIER = com.andriiko.slopemeterTests;
				PRODUCT_NAME = "$(TARGET_NAME)";
				SWIFT_EMIT_LOC_STRINGS = NO;
				SWIFT_VERSION = 5.0;
				TARGETED_DEVICE_FAMILY = "1,2";
				TEST_HOST = "$(BUILT_PRODUCTS_DIR)/slopemeter.app/$(BUNDLE_EXECUTABLE_FOLDER_PATH)/slopemeter";
			};
			name = Debug;
		};
		E75060B52B2A8F160008C7D5 /* Release */ = {
			isa = XCBuildConfiguration;
			buildSettings = {
				ALWAYS_EMBED_SWIFT_STANDARD_LIBRARIES = YES;
				BUNDLE_LOADER = "$(TEST_HOST)";
				CODE_SIGN_STYLE = Automatic;
				CURRENT_PROJECT_VERSION = 1;
				GENERATE_INFOPLIST_FILE = YES;
				IPHONEOS_DEPLOYMENT_TARGET = 17.0;
				MARKETING_VERSION = 1.0;
				PRODUCT_BUNDLE_IDENTIFIER = com.andriiko.slopemeterTests;
				PRODUCT_NAME = "$(TARGET_NAME)";
				SWIFT_EMIT_LOC_STRINGS = NO;
				SWIFT_VERSION = 5.0;
				TARGETED_DEVICE_FAMILY = "1,2";
				TEST_HOST = "$(BUILT_PRODUCTS_DIR)/slopemeter.app/$(BUNDLE_EXECUTABLE_FOLDER_PATH)/slopemeter";
			};
			name = Release;
		};
		E75060B72B2A8F160008C7D5 /* Debug */ = {
			isa = XCBuildConfiguration;
			buildSettings = {
				ALWAYS_EMBED_SWIFT_STANDARD_LIBRARIES = YES;
				CODE_SIGN_STYLE = Automatic;
				CURRENT_PROJECT_VERSION = 1;
				GENERATE_INFOPLIST_FILE = YES;
				MARKETING_VERSION = 1.0;
				PRODUCT_BUNDLE_IDENTIFIER = com.andriiko.slopemeterUITests;
				PRODUCT_NAME = "$(TARGET_NAME)";
				SWIFT_EMIT_LOC_STRINGS = NO;
				SWIFT_VERSION = 5.0;
				TARGETED_DEVICE_FAMILY = "1,2";
				TEST_TARGET_NAME = slopemeter;
			};
			name = Debug;
		};
		E75060B82B2A8F160008C7D5 /* Release */ = {
			isa = XCBuildConfiguration;
			buildSettings = {
				ALWAYS_EMBED_SWIFT_STANDARD_LIBRARIES = YES;
				CODE_SIGN_STYLE = Automatic;
				CURRENT_PROJECT_VERSION = 1;
				GENERATE_INFOPLIST_FILE = YES;
				MARKETING_VERSION = 1.0;
				PRODUCT_BUNDLE_IDENTIFIER = com.andriiko.slopemeterUITests;
				PRODUCT_NAME = "$(TARGET_NAME)";
				SWIFT_EMIT_LOC_STRINGS = NO;
				SWIFT_VERSION = 5.0;
				TARGETED_DEVICE_FAMILY = "1,2";
				TEST_TARGET_NAME = slopemeter;
			};
			name = Release;
		};
/* End XCBuildConfiguration section */

/* Begin XCConfigurationList section */
		E75060872B2A8F140008C7D5 /* Build configuration list for PBXProject "slopemeter" */ = {
			isa = XCConfigurationList;
			buildConfigurations = (
				E75060AE2B2A8F160008C7D5 /* Debug */,
				E75060AF2B2A8F160008C7D5 /* Release */,
			);
			defaultConfigurationIsVisible = 0;
			defaultConfigurationName = Release;
		};
		E75060B02B2A8F160008C7D5 /* Build configuration list for PBXNativeTarget "slopemeter" */ = {
			isa = XCConfigurationList;
			buildConfigurations = (
				E75060B12B2A8F160008C7D5 /* Debug */,
				E75060B22B2A8F160008C7D5 /* Release */,
			);
			defaultConfigurationIsVisible = 0;
			defaultConfigurationName = Release;
		};
		E75060B32B2A8F160008C7D5 /* Build configuration list for PBXNativeTarget "slopemeterTests" */ = {
			isa = XCConfigurationList;
			buildConfigurations = (
				E75060B42B2A8F160008C7D5 /* Debug */,
				E75060B52B2A8F160008C7D5 /* Release */,
			);
			defaultConfigurationIsVisible = 0;
			defaultConfigurationName = Release;
		};
		E75060B62B2A8F160008C7D5 /* Build configuration list for PBXNativeTarget "slopemeterUITests" */ = {
			isa = XCConfigurationList;
			buildConfigurations = (
				E75060B72B2A8F160008C7D5 /* Debug */,
				E75060B82B2A8F160008C7D5 /* Release */,
			);
			defaultConfigurationIsVisible = 0;
			defaultConfigurationName = Release;
		};
/* End XCConfigurationList section */
	};
	rootObject = E75060842B2A8F140008C7D5 /* Project object */;
}
